// !$*UTF8*$!
{
	archiveVersion = 1;
	classes = {
	};
	objectVersion = 56;
	objects = {

/* Begin PBXBuildFile section */
		CDB0750C2A7F4C860004DE7B /* SabeelApp.swift in Sources */ = {isa = PBXBuildFile; fileRef = CDB0750B2A7F4C860004DE7B /* SabeelApp.swift */; };
		CDB075102A7F4C870004DE7B /* Assets.xcassets in Resources */ = {isa = PBXBuildFile; fileRef = CDB0750F2A7F4C870004DE7B /* Assets.xcassets */; };
		CDB075132A7F4C870004DE7B /* Preview Assets.xcassets in Resources */ = {isa = PBXBuildFile; fileRef = CDB075122A7F4C870004DE7B /* Preview Assets.xcassets */; };
		CDB075152A7F4C870004DE7B /* Persistence.swift in Sources */ = {isa = PBXBuildFile; fileRef = CDB075142A7F4C870004DE7B /* Persistence.swift */; };
		CDB075182A7F4C870004DE7B /* Sabeel.xcdatamodeld in Sources */ = {isa = PBXBuildFile; fileRef = CDB075162A7F4C870004DE7B /* Sabeel.xcdatamodeld */; };
		CDB075232A7F4C880004DE7B /* SabeelTests.swift in Sources */ = {isa = PBXBuildFile; fileRef = CDB075222A7F4C880004DE7B /* SabeelTests.swift */; };
		CDB0752D2A7F4C880004DE7B /* SabeelUITests.swift in Sources */ = {isa = PBXBuildFile; fileRef = CDB0752C2A7F4C880004DE7B /* SabeelUITests.swift */; };
		CDB0752F2A7F4C880004DE7B /* SabeelUITestsLaunchTests.swift in Sources */ = {isa = PBXBuildFile; fileRef = CDB0752E2A7F4C880004DE7B /* SabeelUITestsLaunchTests.swift */; };
		CDB0753D2A7F4F120004DE7B /* Color+Ext.swift in Sources */ = {isa = PBXBuildFile; fileRef = CDB0753C2A7F4F120004DE7B /* Color+Ext.swift */; };
		CDB0753F2A7F53A60004DE7B /* STabView.swift in Sources */ = {isa = PBXBuildFile; fileRef = CDB0753E2A7F53A60004DE7B /* STabView.swift */; };
		CDB075412A7F53E50004DE7B /* SMapView.swift in Sources */ = {isa = PBXBuildFile; fileRef = CDB075402A7F53E50004DE7B /* SMapView.swift */; };
		CDB075432A7F53F00004DE7B /* SProfileView.swift in Sources */ = {isa = PBXBuildFile; fileRef = CDB075422A7F53F00004DE7B /* SProfileView.swift */; };
		CDB075452A7F54220004DE7B /* SFeedView.swift in Sources */ = {isa = PBXBuildFile; fileRef = CDB075442A7F54220004DE7B /* SFeedView.swift */; };
		CDB075472A7F54390004DE7B /* SFriendsListView.swift in Sources */ = {isa = PBXBuildFile; fileRef = CDB075462A7F54390004DE7B /* SFriendsListView.swift */; };
		CDB075492A7F54430004DE7B /* SSettingsView.swift in Sources */ = {isa = PBXBuildFile; fileRef = CDB075482A7F54430004DE7B /* SSettingsView.swift */; };
		CDB0754C2A7F67300004DE7B /* CGFloat+Ext.swift in Sources */ = {isa = PBXBuildFile; fileRef = CDB0754B2A7F67300004DE7B /* CGFloat+Ext.swift */; };
		CDB0754E2A7FF2C40004DE7B /* MasjidChangeRequestView.swift in Sources */ = {isa = PBXBuildFile; fileRef = CDB0754D2A7FF2C40004DE7B /* MasjidChangeRequestView.swift */; };
		CDB075512A8006620004DE7B /* StatefulPreviewWrapper.swift in Sources */ = {isa = PBXBuildFile; fileRef = CDB075502A8006620004DE7B /* StatefulPreviewWrapper.swift */; };
		CDB075532A8007000004DE7B /* MasjidDetail.swift in Sources */ = {isa = PBXBuildFile; fileRef = CDB075522A8007000004DE7B /* MasjidDetail.swift */; };
		CDB075572A81D9980004DE7B /* Masjid.swift in Sources */ = {isa = PBXBuildFile; fileRef = CDB075562A81D9980004DE7B /* Masjid.swift */; };
		CDB075592A81D9A50004DE7B /* MasjidChangeRequest.swift in Sources */ = {isa = PBXBuildFile; fileRef = CDB075582A81D9A50004DE7B /* MasjidChangeRequest.swift */; };
		CDB0755B2A81D9BF0004DE7B /* PrayerTimes.swift in Sources */ = {isa = PBXBuildFile; fileRef = CDB0755A2A81D9BF0004DE7B /* PrayerTimes.swift */; };
		CDB0755D2A830AF20004DE7B /* NotificationSettingsView.swift in Sources */ = {isa = PBXBuildFile; fileRef = CDB0755C2A830AF20004DE7B /* NotificationSettingsView.swift */; };
		CDB0755F2A8329F40004DE7B /* BrandLargeBanner.swift in Sources */ = {isa = PBXBuildFile; fileRef = CDB0755E2A8329F40004DE7B /* BrandLargeBanner.swift */; };
		CDB075612A83305D0004DE7B /* PrayerStatsView.swift in Sources */ = {isa = PBXBuildFile; fileRef = CDB075602A83305D0004DE7B /* PrayerStatsView.swift */; };
		CDB075632A8330C00004DE7B /* PersonalInfoView.swift in Sources */ = {isa = PBXBuildFile; fileRef = CDB075622A8330C00004DE7B /* PersonalInfoView.swift */; };
		CDB075672A8334510004DE7B /* View+CustomModifiers.swift in Sources */ = {isa = PBXBuildFile; fileRef = CDB075662A8334510004DE7B /* View+CustomModifiers.swift */; };
		CDB075692A83349E0004DE7B /* MasjidHeadline.swift in Sources */ = {isa = PBXBuildFile; fileRef = CDB075682A83349E0004DE7B /* MasjidHeadline.swift */; };
		CDB075722A8348F70004DE7B /* SabeelProfile.swift in Sources */ = {isa = PBXBuildFile; fileRef = CDB075712A8348F70004DE7B /* SabeelProfile.swift */; };
		CDB075742A834A780004DE7B /* PrayerStats.swift in Sources */ = {isa = PBXBuildFile; fileRef = CDB075732A834A780004DE7B /* PrayerStats.swift */; };
		CDB075762A834DF40004DE7B /* MockData.swift in Sources */ = {isa = PBXBuildFile; fileRef = CDB075752A834DF40004DE7B /* MockData.swift */; };
		CDB075792A83526A0004DE7B /* CloudKitManager.swift in Sources */ = {isa = PBXBuildFile; fileRef = CDB075782A83526A0004DE7B /* CloudKitManager.swift */; };
		CDB0757C2A8353900004DE7B /* Constants.swift in Sources */ = {isa = PBXBuildFile; fileRef = CDB0757B2A8353900004DE7B /* Constants.swift */; };
		CDB0757E2A8356D80004DE7B /* CKRecord+Ext.swift in Sources */ = {isa = PBXBuildFile; fileRef = CDB0757D2A8356D80004DE7B /* CKRecord+Ext.swift */; };
		CDB075862A849B560004DE7B /* MasjidChangeRequestVM.swift in Sources */ = {isa = PBXBuildFile; fileRef = CDB075852A849B560004DE7B /* MasjidChangeRequestVM.swift */; };
		CDB075882A849C7F0004DE7B /* SMapViewModel.swift in Sources */ = {isa = PBXBuildFile; fileRef = CDB075872A849C7F0004DE7B /* SMapViewModel.swift */; };
		CDB0758A2A849EC30004DE7B /* LocationManager.swift in Sources */ = {isa = PBXBuildFile; fileRef = CDB075892A849EC30004DE7B /* LocationManager.swift */; };
		CDB0758D2A84A7200004DE7B /* MasjidDetailViewModel.swift in Sources */ = {isa = PBXBuildFile; fileRef = CDB0758C2A84A7200004DE7B /* MasjidDetailViewModel.swift */; };
		CDB0758F2A84D3110004DE7B /* OnboardingView.swift in Sources */ = {isa = PBXBuildFile; fileRef = CDB0758E2A84D3110004DE7B /* OnboardingView.swift */; };
		CDBD626E2A85411A0079151E /* STabViewModel.swift in Sources */ = {isa = PBXBuildFile; fileRef = CDBD626D2A85411A0079151E /* STabViewModel.swift */; };
		CDBD62702A85497C0079151E /* SProfileViewModel.swift in Sources */ = {isa = PBXBuildFile; fileRef = CDBD626F2A85497C0079151E /* SProfileViewModel.swift */; };
		CDBD62722A854D3B0079151E /* View+Ext.swift in Sources */ = {isa = PBXBuildFile; fileRef = CDBD62712A854D3B0079151E /* View+Ext.swift */; };
		CDBD62742A854EE20079151E /* AlertItem.swift in Sources */ = {isa = PBXBuildFile; fileRef = CDBD62732A854EE20079151E /* AlertItem.swift */; };
		CDBD62772A85C47D0079151E /* PersonalInfoViewModel.swift in Sources */ = {isa = PBXBuildFile; fileRef = CDBD62762A85C47D0079151E /* PersonalInfoViewModel.swift */; };
		CDBD62792A85D5A80079151E /* LoadingView.swift in Sources */ = {isa = PBXBuildFile; fileRef = CDBD62782A85D5A80079151E /* LoadingView.swift */; };
/* End PBXBuildFile section */

/* Begin PBXContainerItemProxy section */
		CDB0751F2A7F4C880004DE7B /* PBXContainerItemProxy */ = {
			isa = PBXContainerItemProxy;
			containerPortal = CDB075002A7F4C860004DE7B /* Project object */;
			proxyType = 1;
			remoteGlobalIDString = CDB075072A7F4C860004DE7B;
			remoteInfo = Sabeel;
		};
		CDB075292A7F4C880004DE7B /* PBXContainerItemProxy */ = {
			isa = PBXContainerItemProxy;
			containerPortal = CDB075002A7F4C860004DE7B /* Project object */;
			proxyType = 1;
			remoteGlobalIDString = CDB075072A7F4C860004DE7B;
			remoteInfo = Sabeel;
		};
/* End PBXContainerItemProxy section */

/* Begin PBXFileReference section */
		CDB075082A7F4C860004DE7B /* Sabeel.app */ = {isa = PBXFileReference; explicitFileType = wrapper.application; includeInIndex = 0; path = Sabeel.app; sourceTree = BUILT_PRODUCTS_DIR; };
		CDB0750B2A7F4C860004DE7B /* SabeelApp.swift */ = {isa = PBXFileReference; lastKnownFileType = sourcecode.swift; path = SabeelApp.swift; sourceTree = "<group>"; };
		CDB0750F2A7F4C870004DE7B /* Assets.xcassets */ = {isa = PBXFileReference; lastKnownFileType = folder.assetcatalog; path = Assets.xcassets; sourceTree = "<group>"; };
		CDB075122A7F4C870004DE7B /* Preview Assets.xcassets */ = {isa = PBXFileReference; lastKnownFileType = folder.assetcatalog; path = "Preview Assets.xcassets"; sourceTree = "<group>"; };
		CDB075142A7F4C870004DE7B /* Persistence.swift */ = {isa = PBXFileReference; lastKnownFileType = sourcecode.swift; path = Persistence.swift; sourceTree = "<group>"; };
		CDB075172A7F4C870004DE7B /* Sabeel.xcdatamodel */ = {isa = PBXFileReference; lastKnownFileType = wrapper.xcdatamodel; path = Sabeel.xcdatamodel; sourceTree = "<group>"; };
		CDB075192A7F4C870004DE7B /* Info.plist */ = {isa = PBXFileReference; lastKnownFileType = text.plist.xml; path = Info.plist; sourceTree = "<group>"; };
		CDB0751E2A7F4C880004DE7B /* SabeelTests.xctest */ = {isa = PBXFileReference; explicitFileType = wrapper.cfbundle; includeInIndex = 0; path = SabeelTests.xctest; sourceTree = BUILT_PRODUCTS_DIR; };
		CDB075222A7F4C880004DE7B /* SabeelTests.swift */ = {isa = PBXFileReference; lastKnownFileType = sourcecode.swift; path = SabeelTests.swift; sourceTree = "<group>"; };
		CDB075282A7F4C880004DE7B /* SabeelUITests.xctest */ = {isa = PBXFileReference; explicitFileType = wrapper.cfbundle; includeInIndex = 0; path = SabeelUITests.xctest; sourceTree = BUILT_PRODUCTS_DIR; };
		CDB0752C2A7F4C880004DE7B /* SabeelUITests.swift */ = {isa = PBXFileReference; lastKnownFileType = sourcecode.swift; path = SabeelUITests.swift; sourceTree = "<group>"; };
		CDB0752E2A7F4C880004DE7B /* SabeelUITestsLaunchTests.swift */ = {isa = PBXFileReference; lastKnownFileType = sourcecode.swift; path = SabeelUITestsLaunchTests.swift; sourceTree = "<group>"; };
		CDB0753B2A7F4CDD0004DE7B /* Sabeel.entitlements */ = {isa = PBXFileReference; lastKnownFileType = text.plist.entitlements; path = Sabeel.entitlements; sourceTree = "<group>"; };
		CDB0753C2A7F4F120004DE7B /* Color+Ext.swift */ = {isa = PBXFileReference; lastKnownFileType = sourcecode.swift; path = "Color+Ext.swift"; sourceTree = "<group>"; };
		CDB0753E2A7F53A60004DE7B /* STabView.swift */ = {isa = PBXFileReference; lastKnownFileType = sourcecode.swift; path = STabView.swift; sourceTree = "<group>"; };
		CDB075402A7F53E50004DE7B /* SMapView.swift */ = {isa = PBXFileReference; lastKnownFileType = sourcecode.swift; path = SMapView.swift; sourceTree = "<group>"; };
		CDB075422A7F53F00004DE7B /* SProfileView.swift */ = {isa = PBXFileReference; lastKnownFileType = sourcecode.swift; path = SProfileView.swift; sourceTree = "<group>"; };
		CDB075442A7F54220004DE7B /* SFeedView.swift */ = {isa = PBXFileReference; lastKnownFileType = sourcecode.swift; path = SFeedView.swift; sourceTree = "<group>"; };
		CDB075462A7F54390004DE7B /* SFriendsListView.swift */ = {isa = PBXFileReference; lastKnownFileType = sourcecode.swift; path = SFriendsListView.swift; sourceTree = "<group>"; };
		CDB075482A7F54430004DE7B /* SSettingsView.swift */ = {isa = PBXFileReference; lastKnownFileType = sourcecode.swift; path = SSettingsView.swift; sourceTree = "<group>"; };
		CDB0754A2A7F617A0004DE7B /* .gitignore */ = {isa = PBXFileReference; lastKnownFileType = text; path = .gitignore; sourceTree = "<group>"; };
		CDB0754B2A7F67300004DE7B /* CGFloat+Ext.swift */ = {isa = PBXFileReference; lastKnownFileType = sourcecode.swift; path = "CGFloat+Ext.swift"; sourceTree = "<group>"; };
		CDB0754D2A7FF2C40004DE7B /* MasjidChangeRequestView.swift */ = {isa = PBXFileReference; lastKnownFileType = sourcecode.swift; path = MasjidChangeRequestView.swift; sourceTree = "<group>"; };
		CDB075502A8006620004DE7B /* StatefulPreviewWrapper.swift */ = {isa = PBXFileReference; lastKnownFileType = sourcecode.swift; path = StatefulPreviewWrapper.swift; sourceTree = "<group>"; };
		CDB075522A8007000004DE7B /* MasjidDetail.swift */ = {isa = PBXFileReference; lastKnownFileType = sourcecode.swift; path = MasjidDetail.swift; sourceTree = "<group>"; };
		CDB075562A81D9980004DE7B /* Masjid.swift */ = {isa = PBXFileReference; lastKnownFileType = sourcecode.swift; path = Masjid.swift; sourceTree = "<group>"; };
		CDB075582A81D9A50004DE7B /* MasjidChangeRequest.swift */ = {isa = PBXFileReference; lastKnownFileType = sourcecode.swift; path = MasjidChangeRequest.swift; sourceTree = "<group>"; };
		CDB0755A2A81D9BF0004DE7B /* PrayerTimes.swift */ = {isa = PBXFileReference; lastKnownFileType = sourcecode.swift; path = PrayerTimes.swift; sourceTree = "<group>"; };
		CDB0755C2A830AF20004DE7B /* NotificationSettingsView.swift */ = {isa = PBXFileReference; lastKnownFileType = sourcecode.swift; path = NotificationSettingsView.swift; sourceTree = "<group>"; };
		CDB0755E2A8329F40004DE7B /* BrandLargeBanner.swift */ = {isa = PBXFileReference; lastKnownFileType = sourcecode.swift; path = BrandLargeBanner.swift; sourceTree = "<group>"; };
		CDB075602A83305D0004DE7B /* PrayerStatsView.swift */ = {isa = PBXFileReference; lastKnownFileType = sourcecode.swift; path = PrayerStatsView.swift; sourceTree = "<group>"; };
		CDB075622A8330C00004DE7B /* PersonalInfoView.swift */ = {isa = PBXFileReference; lastKnownFileType = sourcecode.swift; path = PersonalInfoView.swift; sourceTree = "<group>"; };
		CDB075662A8334510004DE7B /* View+CustomModifiers.swift */ = {isa = PBXFileReference; lastKnownFileType = sourcecode.swift; path = "View+CustomModifiers.swift"; sourceTree = "<group>"; };
		CDB075682A83349E0004DE7B /* MasjidHeadline.swift */ = {isa = PBXFileReference; lastKnownFileType = sourcecode.swift; path = MasjidHeadline.swift; sourceTree = "<group>"; };
		CDB075712A8348F70004DE7B /* SabeelProfile.swift */ = {isa = PBXFileReference; lastKnownFileType = sourcecode.swift; path = SabeelProfile.swift; sourceTree = "<group>"; };
		CDB075732A834A780004DE7B /* PrayerStats.swift */ = {isa = PBXFileReference; lastKnownFileType = sourcecode.swift; path = PrayerStats.swift; sourceTree = "<group>"; };
		CDB075752A834DF40004DE7B /* MockData.swift */ = {isa = PBXFileReference; lastKnownFileType = sourcecode.swift; path = MockData.swift; sourceTree = "<group>"; };
		CDB075782A83526A0004DE7B /* CloudKitManager.swift */ = {isa = PBXFileReference; lastKnownFileType = sourcecode.swift; path = CloudKitManager.swift; sourceTree = "<group>"; };
		CDB0757B2A8353900004DE7B /* Constants.swift */ = {isa = PBXFileReference; lastKnownFileType = sourcecode.swift; path = Constants.swift; sourceTree = "<group>"; };
		CDB0757D2A8356D80004DE7B /* CKRecord+Ext.swift */ = {isa = PBXFileReference; lastKnownFileType = sourcecode.swift; path = "CKRecord+Ext.swift"; sourceTree = "<group>"; };
		CDB075852A849B560004DE7B /* MasjidChangeRequestVM.swift */ = {isa = PBXFileReference; lastKnownFileType = sourcecode.swift; path = MasjidChangeRequestVM.swift; sourceTree = "<group>"; };
		CDB075872A849C7F0004DE7B /* SMapViewModel.swift */ = {isa = PBXFileReference; lastKnownFileType = sourcecode.swift; path = SMapViewModel.swift; sourceTree = "<group>"; };
		CDB075892A849EC30004DE7B /* LocationManager.swift */ = {isa = PBXFileReference; lastKnownFileType = sourcecode.swift; path = LocationManager.swift; sourceTree = "<group>"; };
		CDB0758C2A84A7200004DE7B /* MasjidDetailViewModel.swift */ = {isa = PBXFileReference; lastKnownFileType = sourcecode.swift; path = MasjidDetailViewModel.swift; sourceTree = "<group>"; };
		CDB0758E2A84D3110004DE7B /* OnboardingView.swift */ = {isa = PBXFileReference; lastKnownFileType = sourcecode.swift; path = OnboardingView.swift; sourceTree = "<group>"; };
		CDBD626D2A85411A0079151E /* STabViewModel.swift */ = {isa = PBXFileReference; lastKnownFileType = sourcecode.swift; path = STabViewModel.swift; sourceTree = "<group>"; };
		CDBD626F2A85497C0079151E /* SProfileViewModel.swift */ = {isa = PBXFileReference; lastKnownFileType = sourcecode.swift; path = SProfileViewModel.swift; sourceTree = "<group>"; };
		CDBD62712A854D3B0079151E /* View+Ext.swift */ = {isa = PBXFileReference; lastKnownFileType = sourcecode.swift; path = "View+Ext.swift"; sourceTree = "<group>"; };
		CDBD62732A854EE20079151E /* AlertItem.swift */ = {isa = PBXFileReference; lastKnownFileType = sourcecode.swift; path = AlertItem.swift; sourceTree = "<group>"; };
		CDBD62762A85C47D0079151E /* PersonalInfoViewModel.swift */ = {isa = PBXFileReference; lastKnownFileType = sourcecode.swift; path = PersonalInfoViewModel.swift; sourceTree = "<group>"; };
		CDBD62782A85D5A80079151E /* LoadingView.swift */ = {isa = PBXFileReference; lastKnownFileType = sourcecode.swift; path = LoadingView.swift; sourceTree = "<group>"; };
/* End PBXFileReference section */

/* Begin PBXFrameworksBuildPhase section */
		CDB075052A7F4C860004DE7B /* Frameworks */ = {
			isa = PBXFrameworksBuildPhase;
			buildActionMask = 2147483647;
			files = (
			);
			runOnlyForDeploymentPostprocessing = 0;
		};
		CDB0751B2A7F4C880004DE7B /* Frameworks */ = {
			isa = PBXFrameworksBuildPhase;
			buildActionMask = 2147483647;
			files = (
			);
			runOnlyForDeploymentPostprocessing = 0;
		};
		CDB075252A7F4C880004DE7B /* Frameworks */ = {
			isa = PBXFrameworksBuildPhase;
			buildActionMask = 2147483647;
			files = (
			);
			runOnlyForDeploymentPostprocessing = 0;
		};
/* End PBXFrameworksBuildPhase section */

/* Begin PBXGroup section */
		CDB074FF2A7F4C860004DE7B = {
			isa = PBXGroup;
			children = (
				CDB0754A2A7F617A0004DE7B /* .gitignore */,
				CDB0750A2A7F4C860004DE7B /* Sabeel */,
				CDB075212A7F4C880004DE7B /* SabeelTests */,
				CDB0752B2A7F4C880004DE7B /* SabeelUITests */,
				CDB075092A7F4C860004DE7B /* Products */,
			);
			sourceTree = "<group>";
		};
		CDB075092A7F4C860004DE7B /* Products */ = {
			isa = PBXGroup;
			children = (
				CDB075082A7F4C860004DE7B /* Sabeel.app */,
				CDB0751E2A7F4C880004DE7B /* SabeelTests.xctest */,
				CDB075282A7F4C880004DE7B /* SabeelUITests.xctest */,
			);
			name = Products;
			sourceTree = "<group>";
		};
		CDB0750A2A7F4C860004DE7B /* Sabeel */ = {
			isa = PBXGroup;
			children = (
				CDB0757A2A83536C0004DE7B /* Utilities */,
				CDB0756D2A83375F0004DE7B /* Views */,
				CDB075542A81D9840004DE7B /* Models */,
				CDB0753B2A7F4CDD0004DE7B /* Sabeel.entitlements */,
				CDB0750B2A7F4C860004DE7B /* SabeelApp.swift */,
				CDB0750F2A7F4C870004DE7B /* Assets.xcassets */,
				CDB075142A7F4C870004DE7B /* Persistence.swift */,
				CDB075192A7F4C870004DE7B /* Info.plist */,
				CDB075162A7F4C870004DE7B /* Sabeel.xcdatamodeld */,
				CDB075112A7F4C870004DE7B /* Preview Content */,
			);
			path = Sabeel;
			sourceTree = "<group>";
		};
		CDB075112A7F4C870004DE7B /* Preview Content */ = {
			isa = PBXGroup;
			children = (
				CDB075122A7F4C870004DE7B /* Preview Assets.xcassets */,
			);
			path = "Preview Content";
			sourceTree = "<group>";
		};
		CDB075212A7F4C880004DE7B /* SabeelTests */ = {
			isa = PBXGroup;
			children = (
				CDB075222A7F4C880004DE7B /* SabeelTests.swift */,
			);
			path = SabeelTests;
			sourceTree = "<group>";
		};
		CDB0752B2A7F4C880004DE7B /* SabeelUITests */ = {
			isa = PBXGroup;
			children = (
				CDB0752C2A7F4C880004DE7B /* SabeelUITests.swift */,
				CDB0752E2A7F4C880004DE7B /* SabeelUITestsLaunchTests.swift */,
			);
			path = SabeelUITests;
			sourceTree = "<group>";
		};
		CDB0754F2A8006450004DE7B /* Helpers */ = {
			isa = PBXGroup;
			children = (
				CDB075502A8006620004DE7B /* StatefulPreviewWrapper.swift */,
				CDBD62732A854EE20079151E /* AlertItem.swift */,
			);
			path = Helpers;
			sourceTree = "<group>";
		};
		CDB075542A81D9840004DE7B /* Models */ = {
			isa = PBXGroup;
			children = (
				CDB075562A81D9980004DE7B /* Masjid.swift */,
				CDB075582A81D9A50004DE7B /* MasjidChangeRequest.swift */,
				CDB075732A834A780004DE7B /* PrayerStats.swift */,
				CDB0755A2A81D9BF0004DE7B /* PrayerTimes.swift */,
				CDB075712A8348F70004DE7B /* SabeelProfile.swift */,
				CDB075752A834DF40004DE7B /* MockData.swift */,
			);
			path = Models;
			sourceTree = "<group>";
		};
		CDB0756A2A8336D00004DE7B /* Extensions */ = {
			isa = PBXGroup;
			children = (
				CDB0756B2A8336E00004DE7B /* General */,
				CDB0756C2A8336E60004DE7B /* Other */,
			);
			path = Extensions;
			sourceTree = "<group>";
		};
		CDB0756B2A8336E00004DE7B /* General */ = {
			isa = PBXGroup;
			children = (
				CDB0754B2A7F67300004DE7B /* CGFloat+Ext.swift */,
				CDB0753C2A7F4F120004DE7B /* Color+Ext.swift */,
				CDB0757D2A8356D80004DE7B /* CKRecord+Ext.swift */,
				CDBD62712A854D3B0079151E /* View+Ext.swift */,
			);
			path = General;
			sourceTree = "<group>";
		};
		CDB0756C2A8336E60004DE7B /* Other */ = {
			isa = PBXGroup;
			children = (
				CDB075662A8334510004DE7B /* View+CustomModifiers.swift */,
			);
			path = Other;
			sourceTree = "<group>";
		};
		CDB0756D2A83375F0004DE7B /* Views */ = {
			isa = PBXGroup;
			children = (
				CDB075702A8337C40004DE7B /* Components */,
				CDB0756F2A83376F0004DE7B /* Screens */,
			);
			path = Views;
			sourceTree = "<group>";
		};
		CDB0756F2A83376F0004DE7B /* Screens */ = {
			isa = PBXGroup;
			children = (
				CDB0758B2A84A70D0004DE7B /* MasjidDetail */,
				CDB075842A849B2A0004DE7B /* MasjidChangeRequestView */,
				CDB075832A849B040004DE7B /* SProfileView */,
				CDB075822A849AF50004DE7B /* SMapView */,
				CDBD626C2A8541020079151E /* STabView */,
				CDB075442A7F54220004DE7B /* SFeedView.swift */,
				CDB0755C2A830AF20004DE7B /* NotificationSettingsView.swift */,
				CDB075462A7F54390004DE7B /* SFriendsListView.swift */,
				CDB0758E2A84D3110004DE7B /* OnboardingView.swift */,
			);
			path = Screens;
			sourceTree = "<group>";
		};
		CDB075702A8337C40004DE7B /* Components */ = {
			isa = PBXGroup;
			children = (
				CDB0755E2A8329F40004DE7B /* BrandLargeBanner.swift */,
				CDB075682A83349E0004DE7B /* MasjidHeadline.swift */,
				CDBD62752A85C4690079151E /* PersonalInfoView */,
				CDB075482A7F54430004DE7B /* SSettingsView.swift */,
				CDB075602A83305D0004DE7B /* PrayerStatsView.swift */,
				CDBD62782A85D5A80079151E /* LoadingView.swift */,
			);
			path = Components;
			sourceTree = "<group>";
		};
		CDB075772A8352410004DE7B /* Services */ = {
			isa = PBXGroup;
			children = (
				CDB075782A83526A0004DE7B /* CloudKitManager.swift */,
				CDB075892A849EC30004DE7B /* LocationManager.swift */,
			);
			path = Services;
			sourceTree = "<group>";
		};
		CDB0757A2A83536C0004DE7B /* Utilities */ = {
			isa = PBXGroup;
			children = (
				CDB0754F2A8006450004DE7B /* Helpers */,
				CDB0756A2A8336D00004DE7B /* Extensions */,
				CDB075772A8352410004DE7B /* Services */,
				CDB0757B2A8353900004DE7B /* Constants.swift */,
			);
			path = Utilities;
			sourceTree = "<group>";
		};
		CDB075822A849AF50004DE7B /* SMapView */ = {
			isa = PBXGroup;
			children = (
				CDB075402A7F53E50004DE7B /* SMapView.swift */,
				CDB075872A849C7F0004DE7B /* SMapViewModel.swift */,
			);
			path = SMapView;
			sourceTree = "<group>";
		};
		CDB075832A849B040004DE7B /* SProfileView */ = {
			isa = PBXGroup;
			children = (
				CDBD626F2A85497C0079151E /* SProfileViewModel.swift */,
				CDB075422A7F53F00004DE7B /* SProfileView.swift */,
			);
			path = SProfileView;
			sourceTree = "<group>";
		};
		CDB075842A849B2A0004DE7B /* MasjidChangeRequestView */ = {
			isa = PBXGroup;
			children = (
				CDB0754D2A7FF2C40004DE7B /* MasjidChangeRequestView.swift */,
				CDB075852A849B560004DE7B /* MasjidChangeRequestVM.swift */,
			);
			path = MasjidChangeRequestView;
			sourceTree = "<group>";
		};
		CDB0758B2A84A70D0004DE7B /* MasjidDetail */ = {
			isa = PBXGroup;
			children = (
				CDB075522A8007000004DE7B /* MasjidDetail.swift */,
				CDB0758C2A84A7200004DE7B /* MasjidDetailViewModel.swift */,
			);
			path = MasjidDetail;
			sourceTree = "<group>";
		};
		CDBD626C2A8541020079151E /* STabView */ = {
			isa = PBXGroup;
			children = (
				CDB0753E2A7F53A60004DE7B /* STabView.swift */,
				CDBD626D2A85411A0079151E /* STabViewModel.swift */,
			);
			path = STabView;
			sourceTree = "<group>";
		};
		CDBD62752A85C4690079151E /* PersonalInfoView */ = {
			isa = PBXGroup;
			children = (
				CDB075622A8330C00004DE7B /* PersonalInfoView.swift */,
				CDBD62762A85C47D0079151E /* PersonalInfoViewModel.swift */,
			);
			path = PersonalInfoView;
			sourceTree = "<group>";
		};
/* End PBXGroup section */

/* Begin PBXNativeTarget section */
		CDB075072A7F4C860004DE7B /* Sabeel */ = {
			isa = PBXNativeTarget;
			buildConfigurationList = CDB075322A7F4C880004DE7B /* Build configuration list for PBXNativeTarget "Sabeel" */;
			buildPhases = (
				CDB075042A7F4C860004DE7B /* Sources */,
				CDB075052A7F4C860004DE7B /* Frameworks */,
				CDB075062A7F4C860004DE7B /* Resources */,
			);
			buildRules = (
			);
			dependencies = (
			);
			name = Sabeel;
			productName = Sabeel;
			productReference = CDB075082A7F4C860004DE7B /* Sabeel.app */;
			productType = "com.apple.product-type.application";
		};
		CDB0751D2A7F4C880004DE7B /* SabeelTests */ = {
			isa = PBXNativeTarget;
			buildConfigurationList = CDB075352A7F4C880004DE7B /* Build configuration list for PBXNativeTarget "SabeelTests" */;
			buildPhases = (
				CDB0751A2A7F4C880004DE7B /* Sources */,
				CDB0751B2A7F4C880004DE7B /* Frameworks */,
				CDB0751C2A7F4C880004DE7B /* Resources */,
			);
			buildRules = (
			);
			dependencies = (
				CDB075202A7F4C880004DE7B /* PBXTargetDependency */,
			);
			name = SabeelTests;
			productName = SabeelTests;
			productReference = CDB0751E2A7F4C880004DE7B /* SabeelTests.xctest */;
			productType = "com.apple.product-type.bundle.unit-test";
		};
		CDB075272A7F4C880004DE7B /* SabeelUITests */ = {
			isa = PBXNativeTarget;
			buildConfigurationList = CDB075382A7F4C880004DE7B /* Build configuration list for PBXNativeTarget "SabeelUITests" */;
			buildPhases = (
				CDB075242A7F4C880004DE7B /* Sources */,
				CDB075252A7F4C880004DE7B /* Frameworks */,
				CDB075262A7F4C880004DE7B /* Resources */,
			);
			buildRules = (
			);
			dependencies = (
				CDB0752A2A7F4C880004DE7B /* PBXTargetDependency */,
			);
			name = SabeelUITests;
			productName = SabeelUITests;
			productReference = CDB075282A7F4C880004DE7B /* SabeelUITests.xctest */;
			productType = "com.apple.product-type.bundle.ui-testing";
		};
/* End PBXNativeTarget section */

/* Begin PBXProject section */
		CDB075002A7F4C860004DE7B /* Project object */ = {
			isa = PBXProject;
			attributes = {
				BuildIndependentTargetsInParallel = 1;
				LastSwiftUpdateCheck = 1430;
				LastUpgradeCheck = 1430;
				TargetAttributes = {
					CDB075072A7F4C860004DE7B = {
						CreatedOnToolsVersion = 14.3.1;
					};
					CDB0751D2A7F4C880004DE7B = {
						CreatedOnToolsVersion = 14.3.1;
						TestTargetID = CDB075072A7F4C860004DE7B;
					};
					CDB075272A7F4C880004DE7B = {
						CreatedOnToolsVersion = 14.3.1;
						TestTargetID = CDB075072A7F4C860004DE7B;
					};
				};
			};
			buildConfigurationList = CDB075032A7F4C860004DE7B /* Build configuration list for PBXProject "Sabeel" */;
			compatibilityVersion = "Xcode 14.0";
			developmentRegion = en;
			hasScannedForEncodings = 0;
			knownRegions = (
				en,
				Base,
			);
			mainGroup = CDB074FF2A7F4C860004DE7B;
			productRefGroup = CDB075092A7F4C860004DE7B /* Products */;
			projectDirPath = "";
			projectRoot = "";
			targets = (
				CDB075072A7F4C860004DE7B /* Sabeel */,
				CDB0751D2A7F4C880004DE7B /* SabeelTests */,
				CDB075272A7F4C880004DE7B /* SabeelUITests */,
			);
		};
/* End PBXProject section */

/* Begin PBXResourcesBuildPhase section */
		CDB075062A7F4C860004DE7B /* Resources */ = {
			isa = PBXResourcesBuildPhase;
			buildActionMask = 2147483647;
			files = (
				CDB075132A7F4C870004DE7B /* Preview Assets.xcassets in Resources */,
				CDB075102A7F4C870004DE7B /* Assets.xcassets in Resources */,
			);
			runOnlyForDeploymentPostprocessing = 0;
		};
		CDB0751C2A7F4C880004DE7B /* Resources */ = {
			isa = PBXResourcesBuildPhase;
			buildActionMask = 2147483647;
			files = (
			);
			runOnlyForDeploymentPostprocessing = 0;
		};
		CDB075262A7F4C880004DE7B /* Resources */ = {
			isa = PBXResourcesBuildPhase;
			buildActionMask = 2147483647;
			files = (
			);
			runOnlyForDeploymentPostprocessing = 0;
		};
/* End PBXResourcesBuildPhase section */

/* Begin PBXSourcesBuildPhase section */
		CDB075042A7F4C860004DE7B /* Sources */ = {
			isa = PBXSourcesBuildPhase;
			buildActionMask = 2147483647;
			files = (
				CDBD62722A854D3B0079151E /* View+Ext.swift in Sources */,
				CDB075412A7F53E50004DE7B /* SMapView.swift in Sources */,
				CDB075612A83305D0004DE7B /* PrayerStatsView.swift in Sources */,
				CDB075692A83349E0004DE7B /* MasjidHeadline.swift in Sources */,
				CDB075762A834DF40004DE7B /* MockData.swift in Sources */,
				CDBD62772A85C47D0079151E /* PersonalInfoViewModel.swift in Sources */,
				CDB0758A2A849EC30004DE7B /* LocationManager.swift in Sources */,
				CDB075722A8348F70004DE7B /* SabeelProfile.swift in Sources */,
				CDB075452A7F54220004DE7B /* SFeedView.swift in Sources */,
				CDB075632A8330C00004DE7B /* PersonalInfoView.swift in Sources */,
				CDB075512A8006620004DE7B /* StatefulPreviewWrapper.swift in Sources */,
				CDB0757E2A8356D80004DE7B /* CKRecord+Ext.swift in Sources */,
				CDB075472A7F54390004DE7B /* SFriendsListView.swift in Sources */,
				CDBD62792A85D5A80079151E /* LoadingView.swift in Sources */,
				CDB0754C2A7F67300004DE7B /* CGFloat+Ext.swift in Sources */,
				CDB0753F2A7F53A60004DE7B /* STabView.swift in Sources */,
				CDB0757C2A8353900004DE7B /* Constants.swift in Sources */,
				CDB0755D2A830AF20004DE7B /* NotificationSettingsView.swift in Sources */,
				CDB0758F2A84D3110004DE7B /* OnboardingView.swift in Sources */,
				CDB075152A7F4C870004DE7B /* Persistence.swift in Sources */,
				CDB0754E2A7FF2C40004DE7B /* MasjidChangeRequestView.swift in Sources */,
				CDBD626E2A85411A0079151E /* STabViewModel.swift in Sources */,
				CDB075532A8007000004DE7B /* MasjidDetail.swift in Sources */,
				CDB0755B2A81D9BF0004DE7B /* PrayerTimes.swift in Sources */,
				CDB075572A81D9980004DE7B /* Masjid.swift in Sources */,
				CDB075672A8334510004DE7B /* View+CustomModifiers.swift in Sources */,
				CDB075432A7F53F00004DE7B /* SProfileView.swift in Sources */,
				CDB075592A81D9A50004DE7B /* MasjidChangeRequest.swift in Sources */,
				CDB075742A834A780004DE7B /* PrayerStats.swift in Sources */,
				CDB0750C2A7F4C860004DE7B /* SabeelApp.swift in Sources */,
				CDB075862A849B560004DE7B /* MasjidChangeRequestVM.swift in Sources */,
				CDB075182A7F4C870004DE7B /* Sabeel.xcdatamodeld in Sources */,
				CDB0753D2A7F4F120004DE7B /* Color+Ext.swift in Sources */,
				CDBD62742A854EE20079151E /* AlertItem.swift in Sources */,
				CDB0755F2A8329F40004DE7B /* BrandLargeBanner.swift in Sources */,
				CDB075492A7F54430004DE7B /* SSettingsView.swift in Sources */,
				CDB075792A83526A0004DE7B /* CloudKitManager.swift in Sources */,
				CDB0758D2A84A7200004DE7B /* MasjidDetailViewModel.swift in Sources */,
				CDBD62702A85497C0079151E /* SProfileViewModel.swift in Sources */,
				CDB075882A849C7F0004DE7B /* SMapViewModel.swift in Sources */,
			);
			runOnlyForDeploymentPostprocessing = 0;
		};
		CDB0751A2A7F4C880004DE7B /* Sources */ = {
			isa = PBXSourcesBuildPhase;
			buildActionMask = 2147483647;
			files = (
				CDB075232A7F4C880004DE7B /* SabeelTests.swift in Sources */,
			);
			runOnlyForDeploymentPostprocessing = 0;
		};
		CDB075242A7F4C880004DE7B /* Sources */ = {
			isa = PBXSourcesBuildPhase;
			buildActionMask = 2147483647;
			files = (
				CDB0752F2A7F4C880004DE7B /* SabeelUITestsLaunchTests.swift in Sources */,
				CDB0752D2A7F4C880004DE7B /* SabeelUITests.swift in Sources */,
			);
			runOnlyForDeploymentPostprocessing = 0;
		};
/* End PBXSourcesBuildPhase section */

/* Begin PBXTargetDependency section */
		CDB075202A7F4C880004DE7B /* PBXTargetDependency */ = {
			isa = PBXTargetDependency;
			target = CDB075072A7F4C860004DE7B /* Sabeel */;
			targetProxy = CDB0751F2A7F4C880004DE7B /* PBXContainerItemProxy */;
		};
		CDB0752A2A7F4C880004DE7B /* PBXTargetDependency */ = {
			isa = PBXTargetDependency;
			target = CDB075072A7F4C860004DE7B /* Sabeel */;
			targetProxy = CDB075292A7F4C880004DE7B /* PBXContainerItemProxy */;
		};
/* End PBXTargetDependency section */

/* Begin XCBuildConfiguration section */
		CDB075302A7F4C880004DE7B /* Debug */ = {
			isa = XCBuildConfiguration;
			buildSettings = {
				ALWAYS_SEARCH_USER_PATHS = NO;
				CLANG_ANALYZER_NONNULL = YES;
				CLANG_ANALYZER_NUMBER_OBJECT_CONVERSION = YES_AGGRESSIVE;
				CLANG_CXX_LANGUAGE_STANDARD = "gnu++20";
				CLANG_ENABLE_MODULES = YES;
				CLANG_ENABLE_OBJC_ARC = YES;
				CLANG_ENABLE_OBJC_WEAK = YES;
				CLANG_WARN_BLOCK_CAPTURE_AUTORELEASING = YES;
				CLANG_WARN_BOOL_CONVERSION = YES;
				CLANG_WARN_COMMA = YES;
				CLANG_WARN_CONSTANT_CONVERSION = YES;
				CLANG_WARN_DEPRECATED_OBJC_IMPLEMENTATIONS = YES;
				CLANG_WARN_DIRECT_OBJC_ISA_USAGE = YES_ERROR;
				CLANG_WARN_DOCUMENTATION_COMMENTS = YES;
				CLANG_WARN_EMPTY_BODY = YES;
				CLANG_WARN_ENUM_CONVERSION = YES;
				CLANG_WARN_INFINITE_RECURSION = YES;
				CLANG_WARN_INT_CONVERSION = YES;
				CLANG_WARN_NON_LITERAL_NULL_CONVERSION = YES;
				CLANG_WARN_OBJC_IMPLICIT_RETAIN_SELF = YES;
				CLANG_WARN_OBJC_LITERAL_CONVERSION = YES;
				CLANG_WARN_OBJC_ROOT_CLASS = YES_ERROR;
				CLANG_WARN_QUOTED_INCLUDE_IN_FRAMEWORK_HEADER = YES;
				CLANG_WARN_RANGE_LOOP_ANALYSIS = YES;
				CLANG_WARN_STRICT_PROTOTYPES = YES;
				CLANG_WARN_SUSPICIOUS_MOVE = YES;
				CLANG_WARN_UNGUARDED_AVAILABILITY = YES_AGGRESSIVE;
				CLANG_WARN_UNREACHABLE_CODE = YES;
				CLANG_WARN__DUPLICATE_METHOD_MATCH = YES;
				COPY_PHASE_STRIP = NO;
				DEBUG_INFORMATION_FORMAT = dwarf;
				ENABLE_STRICT_OBJC_MSGSEND = YES;
				ENABLE_TESTABILITY = YES;
				GCC_C_LANGUAGE_STANDARD = gnu11;
				GCC_DYNAMIC_NO_PIC = NO;
				GCC_NO_COMMON_BLOCKS = YES;
				GCC_OPTIMIZATION_LEVEL = 0;
				GCC_PREPROCESSOR_DEFINITIONS = (
					"DEBUG=1",
					"$(inherited)",
				);
				GCC_WARN_64_TO_32_BIT_CONVERSION = YES;
				GCC_WARN_ABOUT_RETURN_TYPE = YES_ERROR;
				GCC_WARN_UNDECLARED_SELECTOR = YES;
				GCC_WARN_UNINITIALIZED_AUTOS = YES_AGGRESSIVE;
				GCC_WARN_UNUSED_FUNCTION = YES;
				GCC_WARN_UNUSED_VARIABLE = YES;
				IPHONEOS_DEPLOYMENT_TARGET = 16.4;
				MTL_ENABLE_DEBUG_INFO = INCLUDE_SOURCE;
				MTL_FAST_MATH = YES;
				ONLY_ACTIVE_ARCH = YES;
				SDKROOT = iphoneos;
				SWIFT_ACTIVE_COMPILATION_CONDITIONS = DEBUG;
				SWIFT_OPTIMIZATION_LEVEL = "-Onone";
			};
			name = Debug;
		};
		CDB075312A7F4C880004DE7B /* Release */ = {
			isa = XCBuildConfiguration;
			buildSettings = {
				ALWAYS_SEARCH_USER_PATHS = NO;
				CLANG_ANALYZER_NONNULL = YES;
				CLANG_ANALYZER_NUMBER_OBJECT_CONVERSION = YES_AGGRESSIVE;
				CLANG_CXX_LANGUAGE_STANDARD = "gnu++20";
				CLANG_ENABLE_MODULES = YES;
				CLANG_ENABLE_OBJC_ARC = YES;
				CLANG_ENABLE_OBJC_WEAK = YES;
				CLANG_WARN_BLOCK_CAPTURE_AUTORELEASING = YES;
				CLANG_WARN_BOOL_CONVERSION = YES;
				CLANG_WARN_COMMA = YES;
				CLANG_WARN_CONSTANT_CONVERSION = YES;
				CLANG_WARN_DEPRECATED_OBJC_IMPLEMENTATIONS = YES;
				CLANG_WARN_DIRECT_OBJC_ISA_USAGE = YES_ERROR;
				CLANG_WARN_DOCUMENTATION_COMMENTS = YES;
				CLANG_WARN_EMPTY_BODY = YES;
				CLANG_WARN_ENUM_CONVERSION = YES;
				CLANG_WARN_INFINITE_RECURSION = YES;
				CLANG_WARN_INT_CONVERSION = YES;
				CLANG_WARN_NON_LITERAL_NULL_CONVERSION = YES;
				CLANG_WARN_OBJC_IMPLICIT_RETAIN_SELF = YES;
				CLANG_WARN_OBJC_LITERAL_CONVERSION = YES;
				CLANG_WARN_OBJC_ROOT_CLASS = YES_ERROR;
				CLANG_WARN_QUOTED_INCLUDE_IN_FRAMEWORK_HEADER = YES;
				CLANG_WARN_RANGE_LOOP_ANALYSIS = YES;
				CLANG_WARN_STRICT_PROTOTYPES = YES;
				CLANG_WARN_SUSPICIOUS_MOVE = YES;
				CLANG_WARN_UNGUARDED_AVAILABILITY = YES_AGGRESSIVE;
				CLANG_WARN_UNREACHABLE_CODE = YES;
				CLANG_WARN__DUPLICATE_METHOD_MATCH = YES;
				COPY_PHASE_STRIP = NO;
				DEBUG_INFORMATION_FORMAT = "dwarf-with-dsym";
				ENABLE_NS_ASSERTIONS = NO;
				ENABLE_STRICT_OBJC_MSGSEND = YES;
				GCC_C_LANGUAGE_STANDARD = gnu11;
				GCC_NO_COMMON_BLOCKS = YES;
				GCC_WARN_64_TO_32_BIT_CONVERSION = YES;
				GCC_WARN_ABOUT_RETURN_TYPE = YES_ERROR;
				GCC_WARN_UNDECLARED_SELECTOR = YES;
				GCC_WARN_UNINITIALIZED_AUTOS = YES_AGGRESSIVE;
				GCC_WARN_UNUSED_FUNCTION = YES;
				GCC_WARN_UNUSED_VARIABLE = YES;
				IPHONEOS_DEPLOYMENT_TARGET = 16.4;
				MTL_ENABLE_DEBUG_INFO = NO;
				MTL_FAST_MATH = YES;
				SDKROOT = iphoneos;
				SWIFT_COMPILATION_MODE = wholemodule;
				SWIFT_OPTIMIZATION_LEVEL = "-O";
				VALIDATE_PRODUCT = YES;
			};
			name = Release;
		};
		CDB075332A7F4C880004DE7B /* Debug */ = {
			isa = XCBuildConfiguration;
			buildSettings = {
				ASSETCATALOG_COMPILER_APPICON_NAME = AppIcon;
				ASSETCATALOG_COMPILER_GLOBAL_ACCENT_COLOR_NAME = AccentColor;
				CODE_SIGN_ENTITLEMENTS = Sabeel/Sabeel.entitlements;
				CODE_SIGN_STYLE = Automatic;
				CURRENT_PROJECT_VERSION = 1;
				DEVELOPMENT_ASSET_PATHS = "\"Sabeel/Preview Content\"";
				DEVELOPMENT_TEAM = 944MKRCGTA;
				ENABLE_PREVIEWS = YES;
				GENERATE_INFOPLIST_FILE = YES;
				INFOPLIST_FILE = Sabeel/Info.plist;
				INFOPLIST_KEY_NSLocationAlwaysUsageDescription = "This app needs your location to estimate travel time and distance to different locations.";
				INFOPLIST_KEY_NSLocationWhenInUseUsageDescription = "This app needs your location to estimate travel time and distance to different locations.";
				INFOPLIST_KEY_UIApplicationSceneManifest_Generation = YES;
				INFOPLIST_KEY_UIApplicationSupportsIndirectInputEvents = YES;
				INFOPLIST_KEY_UILaunchScreen_Generation = YES;
				INFOPLIST_KEY_UIStatusBarHidden = NO;
				INFOPLIST_KEY_UISupportedInterfaceOrientations = UIInterfaceOrientationPortrait;
				INFOPLIST_KEY_UISupportedInterfaceOrientations_iPad = "UIInterfaceOrientationLandscapeLeft UIInterfaceOrientationLandscapeRight UIInterfaceOrientationPortrait UIInterfaceOrientationPortraitUpsideDown";
				IPHONEOS_DEPLOYMENT_TARGET = 16.0;
				LD_RUNPATH_SEARCH_PATHS = (
					"$(inherited)",
					"@executable_path/Frameworks",
				);
				MARKETING_VERSION = 1.0;
				PRODUCT_BUNDLE_IDENTIFIER = com.quadriow.Sabeel;
				PRODUCT_NAME = "$(TARGET_NAME)";
				SUPPORTED_PLATFORMS = "iphoneos iphonesimulator";
				SUPPORTS_MACCATALYST = NO;
				SUPPORTS_MAC_DESIGNED_FOR_IPHONE_IPAD = NO;
				SWIFT_EMIT_LOC_STRINGS = YES;
				SWIFT_VERSION = 5.0;
				TARGETED_DEVICE_FAMILY = 1;
			};
			name = Debug;
		};
		CDB075342A7F4C880004DE7B /* Release */ = {
			isa = XCBuildConfiguration;
			buildSettings = {
				ASSETCATALOG_COMPILER_APPICON_NAME = AppIcon;
				ASSETCATALOG_COMPILER_GLOBAL_ACCENT_COLOR_NAME = AccentColor;
				CODE_SIGN_ENTITLEMENTS = Sabeel/Sabeel.entitlements;
				CODE_SIGN_STYLE = Automatic;
				CURRENT_PROJECT_VERSION = 1;
				DEVELOPMENT_ASSET_PATHS = "\"Sabeel/Preview Content\"";
				DEVELOPMENT_TEAM = 944MKRCGTA;
				ENABLE_PREVIEWS = YES;
				GENERATE_INFOPLIST_FILE = YES;
				INFOPLIST_FILE = Sabeel/Info.plist;
				INFOPLIST_KEY_NSLocationAlwaysUsageDescription = "This app needs your location to estimate travel time and distance to different locations.";
				INFOPLIST_KEY_NSLocationWhenInUseUsageDescription = "This app needs your location to estimate travel time and distance to different locations.";
				INFOPLIST_KEY_UIApplicationSceneManifest_Generation = YES;
				INFOPLIST_KEY_UIApplicationSupportsIndirectInputEvents = YES;
				INFOPLIST_KEY_UILaunchScreen_Generation = YES;
				INFOPLIST_KEY_UIStatusBarHidden = NO;
				INFOPLIST_KEY_UISupportedInterfaceOrientations = UIInterfaceOrientationPortrait;
				INFOPLIST_KEY_UISupportedInterfaceOrientations_iPad = "UIInterfaceOrientationLandscapeLeft UIInterfaceOrientationLandscapeRight UIInterfaceOrientationPortrait UIInterfaceOrientationPortraitUpsideDown";
				IPHONEOS_DEPLOYMENT_TARGET = 16.0;
				LD_RUNPATH_SEARCH_PATHS = (
					"$(inherited)",
					"@executable_path/Frameworks",
				);
				MARKETING_VERSION = 1.0;
				PRODUCT_BUNDLE_IDENTIFIER = com.quadriow.Sabeel;
				PRODUCT_NAME = "$(TARGET_NAME)";
				SUPPORTED_PLATFORMS = "iphoneos iphonesimulator";
				SUPPORTS_MACCATALYST = NO;
				SUPPORTS_MAC_DESIGNED_FOR_IPHONE_IPAD = NO;
				SWIFT_EMIT_LOC_STRINGS = YES;
				SWIFT_VERSION = 5.0;
				TARGETED_DEVICE_FAMILY = 1;
			};
			name = Release;
		};
		CDB075362A7F4C880004DE7B /* Debug */ = {
			isa = XCBuildConfiguration;
			buildSettings = {
				ALWAYS_EMBED_SWIFT_STANDARD_LIBRARIES = YES;
				BUNDLE_LOADER = "$(TEST_HOST)";
				CODE_SIGN_STYLE = Automatic;
				CURRENT_PROJECT_VERSION = 1;
				DEVELOPMENT_TEAM = 944MKRCGTA;
				GENERATE_INFOPLIST_FILE = YES;
				IPHONEOS_DEPLOYMENT_TARGET = 16.4;
				MARKETING_VERSION = 1.0;
				PRODUCT_BUNDLE_IDENTIFIER = com.quadriow.SabeelTests;
				PRODUCT_NAME = "$(TARGET_NAME)";
				SWIFT_EMIT_LOC_STRINGS = NO;
				SWIFT_VERSION = 5.0;
				TARGETED_DEVICE_FAMILY = "1,2";
				TEST_HOST = "$(BUILT_PRODUCTS_DIR)/Sabeel.app/$(BUNDLE_EXECUTABLE_FOLDER_PATH)/Sabeel";
			};
			name = Debug;
		};
		CDB075372A7F4C880004DE7B /* Release */ = {
			isa = XCBuildConfiguration;
			buildSettings = {
				ALWAYS_EMBED_SWIFT_STANDARD_LIBRARIES = YES;
				BUNDLE_LOADER = "$(TEST_HOST)";
				CODE_SIGN_STYLE = Automatic;
				CURRENT_PROJECT_VERSION = 1;
				DEVELOPMENT_TEAM = 944MKRCGTA;
				GENERATE_INFOPLIST_FILE = YES;
				IPHONEOS_DEPLOYMENT_TARGET = 16.4;
				MARKETING_VERSION = 1.0;
				PRODUCT_BUNDLE_IDENTIFIER = com.quadriow.SabeelTests;
				PRODUCT_NAME = "$(TARGET_NAME)";
				SWIFT_EMIT_LOC_STRINGS = NO;
				SWIFT_VERSION = 5.0;
				TARGETED_DEVICE_FAMILY = "1,2";
				TEST_HOST = "$(BUILT_PRODUCTS_DIR)/Sabeel.app/$(BUNDLE_EXECUTABLE_FOLDER_PATH)/Sabeel";
			};
			name = Release;
		};
		CDB075392A7F4C880004DE7B /* Debug */ = {
			isa = XCBuildConfiguration;
			buildSettings = {
				ALWAYS_EMBED_SWIFT_STANDARD_LIBRARIES = YES;
				CODE_SIGN_STYLE = Automatic;
				CURRENT_PROJECT_VERSION = 1;
				DEVELOPMENT_TEAM = 944MKRCGTA;
				GENERATE_INFOPLIST_FILE = YES;
				MARKETING_VERSION = 1.0;
				PRODUCT_BUNDLE_IDENTIFIER = com.quadriow.SabeelUITests;
				PRODUCT_NAME = "$(TARGET_NAME)";
				SWIFT_EMIT_LOC_STRINGS = NO;
				SWIFT_VERSION = 5.0;
				TARGETED_DEVICE_FAMILY = "1,2";
				TEST_TARGET_NAME = Sabeel;
			};
			name = Debug;
		};
		CDB0753A2A7F4C880004DE7B /* Release */ = {
			isa = XCBuildConfiguration;
			buildSettings = {
				ALWAYS_EMBED_SWIFT_STANDARD_LIBRARIES = YES;
				CODE_SIGN_STYLE = Automatic;
				CURRENT_PROJECT_VERSION = 1;
				DEVELOPMENT_TEAM = 944MKRCGTA;
				GENERATE_INFOPLIST_FILE = YES;
				MARKETING_VERSION = 1.0;
				PRODUCT_BUNDLE_IDENTIFIER = com.quadriow.SabeelUITests;
				PRODUCT_NAME = "$(TARGET_NAME)";
				SWIFT_EMIT_LOC_STRINGS = NO;
				SWIFT_VERSION = 5.0;
				TARGETED_DEVICE_FAMILY = "1,2";
				TEST_TARGET_NAME = Sabeel;
			};
			name = Release;
		};
/* End XCBuildConfiguration section */

/* Begin XCConfigurationList section */
		CDB075032A7F4C860004DE7B /* Build configuration list for PBXProject "Sabeel" */ = {
			isa = XCConfigurationList;
			buildConfigurations = (
				CDB075302A7F4C880004DE7B /* Debug */,
				CDB075312A7F4C880004DE7B /* Release */,
			);
			defaultConfigurationIsVisible = 0;
			defaultConfigurationName = Release;
		};
		CDB075322A7F4C880004DE7B /* Build configuration list for PBXNativeTarget "Sabeel" */ = {
			isa = XCConfigurationList;
			buildConfigurations = (
				CDB075332A7F4C880004DE7B /* Debug */,
				CDB075342A7F4C880004DE7B /* Release */,
			);
			defaultConfigurationIsVisible = 0;
			defaultConfigurationName = Release;
		};
		CDB075352A7F4C880004DE7B /* Build configuration list for PBXNativeTarget "SabeelTests" */ = {
			isa = XCConfigurationList;
			buildConfigurations = (
				CDB075362A7F4C880004DE7B /* Debug */,
				CDB075372A7F4C880004DE7B /* Release */,
			);
			defaultConfigurationIsVisible = 0;
			defaultConfigurationName = Release;
		};
		CDB075382A7F4C880004DE7B /* Build configuration list for PBXNativeTarget "SabeelUITests" */ = {
			isa = XCConfigurationList;
			buildConfigurations = (
				CDB075392A7F4C880004DE7B /* Debug */,
				CDB0753A2A7F4C880004DE7B /* Release */,
			);
			defaultConfigurationIsVisible = 0;
			defaultConfigurationName = Release;
		};
/* End XCConfigurationList section */

/* Begin XCVersionGroup section */
		CDB075162A7F4C870004DE7B /* Sabeel.xcdatamodeld */ = {
			isa = XCVersionGroup;
			children = (
				CDB075172A7F4C870004DE7B /* Sabeel.xcdatamodel */,
			);
			currentVersion = CDB075172A7F4C870004DE7B /* Sabeel.xcdatamodel */;
			path = Sabeel.xcdatamodeld;
			sourceTree = "<group>";
			versionGroupType = wrapper.xcdatamodel;
		};
/* End XCVersionGroup section */
	};
	rootObject = CDB075002A7F4C860004DE7B /* Project object */;
}
